
Microsoft Visual Studio Solution File, Format Version 11.00
# Visual Studio 2010
Project("{FAE04EC0-301F-11D3-BF4B-00C04F79EFBC}") = "Assembly-CSharp", "Assembly-CSharp.csproj", "{cd1b22ec-680b-c480-2749-f29feff60b14}"
EndProject
Project("{FAE04EC0-301F-11D3-BF4B-00C04F79EFBC}") = "Assembly-CSharp-Editor", "Assembly-CSharp-Editor.csproj", "{605b7b05-468c-0806-c1f2-c74bb0a1b3d9}"
EndProject
Global
	GlobalSection(SolutionConfigurationPlatforms) = preSolution
		Debug|Any CPU = Debug|Any CPU
	EndGlobalSection
	GlobalSection(ProjectConfigurationPlatforms) = postSolution
		{cd1b22ec-680b-c480-2749-f29feff60b14}.Debug|Any CPU.ActiveCfg = Debug|Any CPU
		{cd1b22ec-680b-c480-2749-f29feff60b14}.Debug|Any CPU.Build.0 = Debug|Any CPU
		{605b7b05-468c-0806-c1f2-c74bb0a1b3d9}.Debug|Any CPU.ActiveCfg = Debug|Any CPU
		{605b7b05-468c-0806-c1f2-c74bb0a1b3d9}.Debug|Any CPU.Build.0 = Debug|Any CPU
	EndGlobalSection
	GlobalSection(SolutionProperties) = preSolution
		HideSolutionNode = FALSE
	EndGlobalSection
EndGlobal
